github.com/tencentcloud/tencentcloud-sdk-go/tencentcloud/common v1.0.731 h1:CEVwQ9XWRPJuESAE5svto2WZZqtk9i1eAaqsviQyhyA=
github.com/tencentcloud/tencentcloud-sdk-go/tencentcloud/common v1.0.731/go.mod h1:7sCQWVkxcsR38nffDW057DRGk8mUjK1Ing/EFOK8s8Y=
github.com/tencentcloud/tencentcloud-sdk-go/tencentcloud/dnspod v1.0.731 h1:G5MGJwXUeO+2rS5wu3x89jw7Nf5EH2VgVj1vESh1Jcs=
github.com/tencentcloud/tencentcloud-sdk-go/tencentcloud/dnspod v1.0.731/go.mod h1:vVAKffxqYuDNBtwhKhRJNzOC4tukRtzczw1MCmHwmrg=
